
Microsoft Visual Studio Solution File, Format Version 12.00
# Visual Studio Version 16
VisualStudioVersion = 16.0.30621.155
MinimumVisualStudioVersion = 10.0.40219.1
Project("{8BC9CEB8-8B4A-11D0-8D11-00A0C91BC942}") = "coop_1(友元)", "coop_1(友元)\coop_1.vcxproj", "{363BE3B9-FA0E-484A-98EA-32E9A35C1300}"
EndProject
Project("{8BC9CEB8-8B4A-11D0-8D11-00A0C91BC942}") = "coop_2(static成员)", "coop_2(static成员)\coop_2(static成员).vcxproj", "{37B5AE0C-C253-4978-9C4A-C0686E7A9F50}"
EndProject
Project("{8BC9CEB8-8B4A-11D0-8D11-00A0C91BC942}") = "coop_3(复制构造函数和赋值操作符及深浅复制)", "coop_3(赋值构造函数和赋值操作符)\coop_3(赋值构造函数和赋值操作符).vcxproj", "{C7CC550D-78BB-4038-92C8-8B3AC7344B7E}"
EndProject
Project("{8BC9CEB8-8B4A-11D0-8D11-00A0C91BC942}") = "coop_4(析构函数)", "coop_4(析构函数)\coop_4(析构函数).vcxproj", "{83718105-8979-4C28-8D23-0DEC44EFC0C0}"
EndProject
Project("{8BC9CEB8-8B4A-11D0-8D11-00A0C91BC942}") = "coop_5(管理指针成员)", "coop_5(管理指针成员)\coop_5(管理指针成员).vcxproj", "{7B89EC4C-944B-4E65-936C-C992E02DCC38}"
EndProject
Project("{8BC9CEB8-8B4A-11D0-8D11-00A0C91BC942}") = "coop_6(重载操作符)", "coop_6(重载操作符)\coop_6(重载操作符).vcxproj", "{CADA6536-3875-4F9C-A95E-0DF3303A0B8F}"
EndProject
Project("{8BC9CEB8-8B4A-11D0-8D11-00A0C91BC942}") = "coop_7(函数对象)", "coop_7(函数对象)\coop_7(函数对象).vcxproj", "{C7276A3D-E7D1-4576-B75A-37EDB0B37BC2}"
EndProject
Project("{8BC9CEB8-8B4A-11D0-8D11-00A0C91BC942}") = "coop_8(函数对象一元_二元谓词)", "coop_8(函数对象一元_二元谓词)\coop_8(函数对象一元_二元谓词).vcxproj", "{7C262964-A373-4119-899D-E5112656125B}"
EndProject
Project("{8BC9CEB8-8B4A-11D0-8D11-00A0C91BC942}") = "coop_9(转换操作符)", "coop_9(转换操作符)\coop_9(转换操作符).vcxproj", "{EFF97FC0-EDFB-4472-8D22-C73D0239ED4B}"
EndProject
Project("{8BC9CEB8-8B4A-11D0-8D11-00A0C91BC942}") = "coop_10(基类和派生类)", "coop_10(基类和派生类)\coop_10(基类和派生类).vcxproj", "{E433A0B9-BAF3-434C-84E1-E299A896CF69}"
EndProject
Project("{8BC9CEB8-8B4A-11D0-8D11-00A0C91BC942}") = "coop_11(动态绑定)", "coop_11(动态绑定)\coop_11(动态绑定).vcxproj", "{C7AEFDD7-D0AF-4CB1-B44E-F6179364C559}"
EndProject
Project("{8BC9CEB8-8B4A-11D0-8D11-00A0C91BC942}") = "coop_12(继承)", "coop_12(继承)\coop_12(继承).vcxproj", "{122058FE-B1AD-4FDA-B404-BF8189AB9654}"
EndProject
Project("{8BC9CEB8-8B4A-11D0-8D11-00A0C91BC942}") = "coop_13(派生类的构造函数)", "coop_13(派生类的构造函数和析构函数)\coop_13(派生类的构造函数和析构函数).vcxproj", "{CF984AEB-02C7-4A24-9056-3B758692E226}"
EndProject
Project("{8BC9CEB8-8B4A-11D0-8D11-00A0C91BC942}") = "coop_14(派生类的析构函数)", "coop_14(派生类的析构函数)\coop_14(派生类的析构函数).vcxproj", "{458CB7D9-E9DC-4036-8453-0366EFC15445}"
EndProject
Project("{8BC9CEB8-8B4A-11D0-8D11-00A0C91BC942}") = "coop_15(转换与继承)", "coop_15(转换与继承)\coop_15(转换与继承).vcxproj", "{F83AAA12-0BFD-4095-9586-4F986934C73B}"
EndProject
Project("{8BC9CEB8-8B4A-11D0-8D11-00A0C91BC942}") = "coop_16(静态成员与继承)", "coop_16(静态成员与继承)\coop_16(静态成员与继承).vcxproj", "{62399F43-2CC4-4156-944C-AFFE0FF03A02}"
EndProject
Project("{8BC9CEB8-8B4A-11D0-8D11-00A0C91BC942}") = "coop_17(纯虚函数与抽象类)", "coop_17(纯虚函数与抽象类)\coop_17(纯虚函数与抽象类).vcxproj", "{EEAFF80E-77C8-41AA-95FC-BABEFE8A6AFE}"
EndProject
Project("{8BC9CEB8-8B4A-11D0-8D11-00A0C91BC942}") = "coop_17_2(纯虚函数与抽象类2)", "coop_17_2(纯虚函数与抽象类2)\coop_17_2(纯虚函数与抽象类2).vcxproj", "{D9F2C280-27A3-4EE9-8BBD-05AA05B8E48F}"
EndProject
Project("{8BC9CEB8-8B4A-11D0-8D11-00A0C91BC942}") = "coop_18(模板与泛型编程)", "coop_18(模板与泛型编程)\coop_18(模板与泛型编程).vcxproj", "{A13EC1F9-FA87-4A9A-9E66-47D53E780EAE}"
EndProject
Project("{8BC9CEB8-8B4A-11D0-8D11-00A0C91BC942}") = "coop_19(顺序队列)", "coop_19(顺序队列)\coop_19(顺序队列).vcxproj", "{1EA73866-601B-40A7-8A04-1332548ABD34}"
EndProject
Project("{8BC9CEB8-8B4A-11D0-8D11-00A0C91BC942}") = "coop_20(链式队列)", "coop_20(链式队列)\coop_20(链式队列).vcxproj", "{9A1895FA-766C-48AE-8C8A-B3090C1FDA06}"
EndProject
Project("{8BC9CEB8-8B4A-11D0-8D11-00A0C91BC942}") = "coop_21(函数模板)", "coop_21(函数模板)\coop_21(函数模板).vcxproj", "{7233779C-22F7-4E1A-B2B6-03E7BAC55DA1}"
EndProject
Project("{8BC9CEB8-8B4A-11D0-8D11-00A0C91BC942}") = "coop_22(异常及处理)", "coop_22(异常及处理)\coop_22(异常及处理).vcxproj", "{C5D8449B-9ABD-4F95-97E8-D180369E41C6}"
EndProject
Project("{8BC9CEB8-8B4A-11D0-8D11-00A0C91BC942}") = "Temp_test", "Temp_test\Temp_test.vcxproj", "{7CFB9573-D11D-4AFE-B538-73ED2698344E}"
EndProject
Project("{8BC9CEB8-8B4A-11D0-8D11-00A0C91BC942}") = "coop_23(异常层次结构)", "coop_23(异常层次结构)\coop_23(异常层次结构).vcxproj", "{3A0F1007-9812-46FD-BA3D-FD6D3A324CBC}"
EndProject
Project("{8BC9CEB8-8B4A-11D0-8D11-00A0C91BC942}") = "coop_24(标准异常类)", "coop_24(标准异常类)\coop_24(标准异常类).vcxproj", "{D2A6A204-1927-425F-AAA8-CDE67FECD9B7}"
EndProject
Project("{8BC9CEB8-8B4A-11D0-8D11-00A0C91BC942}") = "coop_25(智能指针)", "copp_25(智能指针)\copp_25(智能指针).vcxproj", "{140B206D-230D-461B-9C32-E7003EA284D0}"
EndProject
Project("{8BC9CEB8-8B4A-11D0-8D11-00A0C91BC942}") = "coop_26(命名空间)", "coop_26(命名空间)\coop_26(命名空间).vcxproj", "{92C9BAC3-8FF7-4430-A75A-37BA82140B87}"
EndProject
Project("{8BC9CEB8-8B4A-11D0-8D11-00A0C91BC942}") = "coop_27(多继承与虚基类)", "coop_27(多继承与虚基类)\coop_27(多继承与虚基类).vcxproj", "{08B3AED3-C4ED-43BD-A72C-0A611135032F}"
EndProject
Project("{8BC9CEB8-8B4A-11D0-8D11-00A0C91BC942}") = "coop_28(特殊工具與技術)", "coop_28(特殊工具與技術)\coop_28(特殊工具與技術).vcxproj", "{A2D9B24B-7B2D-4796-AA31-2AE37AC1238D}"
EndProject
Project("{8BC9CEB8-8B4A-11D0-8D11-00A0C91BC942}") = "coop_29(文本文件读写)", "coop_29(文本文件读写)\coop_29(文本文件读写).vcxproj", "{1912AEDE-FB68-42CB-9D23-6DC94274655A}"
EndProject
Project("{8BC9CEB8-8B4A-11D0-8D11-00A0C91BC942}") = "coop_30(二进制文件读写)", "coop_30(二进制文件读写)\coop_30(二进制文件读写).vcxproj", "{C0859EF2-D8F5-4428-970E-CE9F78564291}"
EndProject
Project("{8BC9CEB8-8B4A-11D0-8D11-00A0C91BC942}") = "workmanager(职工管理系统)", "workmanager(职工管理系统)\workmanager(职工管理系统).vcxproj", "{11C2CEED-BAC2-4E60-87F1-E273079444C3}"
EndProject
Project("{8BC9CEB8-8B4A-11D0-8D11-00A0C91BC942}") = "coop_31(函数模板案列)", "coop_31\coop_31.vcxproj", "{81501BB5-4C83-4AAF-B977-D9F0280445CD}"
EndProject
Global
	GlobalSection(SolutionConfigurationPlatforms) = preSolution
		Debug|x64 = Debug|x64
		Debug|x86 = Debug|x86
		Release|x64 = Release|x64
		Release|x86 = Release|x86
	EndGlobalSection
	GlobalSection(ProjectConfigurationPlatforms) = postSolution
		{363BE3B9-FA0E-484A-98EA-32E9A35C1300}.Debug|x64.ActiveCfg = Debug|x64
		{363BE3B9-FA0E-484A-98EA-32E9A35C1300}.Debug|x64.Build.0 = Debug|x64
		{363BE3B9-FA0E-484A-98EA-32E9A35C1300}.Debug|x86.ActiveCfg = Debug|Win32
		{363BE3B9-FA0E-484A-98EA-32E9A35C1300}.Debug|x86.Build.0 = Debug|Win32
		{363BE3B9-FA0E-484A-98EA-32E9A35C1300}.Release|x64.ActiveCfg = Release|x64
		{363BE3B9-FA0E-484A-98EA-32E9A35C1300}.Release|x64.Build.0 = Release|x64
		{363BE3B9-FA0E-484A-98EA-32E9A35C1300}.Release|x86.ActiveCfg = Release|Win32
		{363BE3B9-FA0E-484A-98EA-32E9A35C1300}.Release|x86.Build.0 = Release|Win32
		{37B5AE0C-C253-4978-9C4A-C0686E7A9F50}.Debug|x64.ActiveCfg = Debug|x64
		{37B5AE0C-C253-4978-9C4A-C0686E7A9F50}.Debug|x64.Build.0 = Debug|x64
		{37B5AE0C-C253-4978-9C4A-C0686E7A9F50}.Debug|x86.ActiveCfg = Debug|Win32
		{37B5AE0C-C253-4978-9C4A-C0686E7A9F50}.Debug|x86.Build.0 = Debug|Win32
		{37B5AE0C-C253-4978-9C4A-C0686E7A9F50}.Release|x64.ActiveCfg = Release|x64
		{37B5AE0C-C253-4978-9C4A-C0686E7A9F50}.Release|x64.Build.0 = Release|x64
		{37B5AE0C-C253-4978-9C4A-C0686E7A9F50}.Release|x86.ActiveCfg = Release|Win32
		{37B5AE0C-C253-4978-9C4A-C0686E7A9F50}.Release|x86.Build.0 = Release|Win32
		{C7CC550D-78BB-4038-92C8-8B3AC7344B7E}.Debug|x64.ActiveCfg = Debug|x64
		{C7CC550D-78BB-4038-92C8-8B3AC7344B7E}.Debug|x64.Build.0 = Debug|x64
		{C7CC550D-78BB-4038-92C8-8B3AC7344B7E}.Debug|x86.ActiveCfg = Debug|Win32
		{C7CC550D-78BB-4038-92C8-8B3AC7344B7E}.Debug|x86.Build.0 = Debug|Win32
		{C7CC550D-78BB-4038-92C8-8B3AC7344B7E}.Release|x64.ActiveCfg = Release|x64
		{C7CC550D-78BB-4038-92C8-8B3AC7344B7E}.Release|x64.Build.0 = Release|x64
		{C7CC550D-78BB-4038-92C8-8B3AC7344B7E}.Release|x86.ActiveCfg = Release|Win32
		{C7CC550D-78BB-4038-92C8-8B3AC7344B7E}.Release|x86.Build.0 = Release|Win32
		{83718105-8979-4C28-8D23-0DEC44EFC0C0}.Debug|x64.ActiveCfg = Debug|x64
		{83718105-8979-4C28-8D23-0DEC44EFC0C0}.Debug|x64.Build.0 = Debug|x64
		{83718105-8979-4C28-8D23-0DEC44EFC0C0}.Debug|x86.ActiveCfg = Debug|Win32
		{83718105-8979-4C28-8D23-0DEC44EFC0C0}.Debug|x86.Build.0 = Debug|Win32
		{83718105-8979-4C28-8D23-0DEC44EFC0C0}.Release|x64.ActiveCfg = Release|x64
		{83718105-8979-4C28-8D23-0DEC44EFC0C0}.Release|x64.Build.0 = Release|x64
		{83718105-8979-4C28-8D23-0DEC44EFC0C0}.Release|x86.ActiveCfg = Release|Win32
		{83718105-8979-4C28-8D23-0DEC44EFC0C0}.Release|x86.Build.0 = Release|Win32
		{7B89EC4C-944B-4E65-936C-C992E02DCC38}.Debug|x64.ActiveCfg = Debug|x64
		{7B89EC4C-944B-4E65-936C-C992E02DCC38}.Debug|x64.Build.0 = Debug|x64
		{7B89EC4C-944B-4E65-936C-C992E02DCC38}.Debug|x86.ActiveCfg = Debug|Win32
		{7B89EC4C-944B-4E65-936C-C992E02DCC38}.Debug|x86.Build.0 = Debug|Win32
		{7B89EC4C-944B-4E65-936C-C992E02DCC38}.Release|x64.ActiveCfg = Release|x64
		{7B89EC4C-944B-4E65-936C-C992E02DCC38}.Release|x64.Build.0 = Release|x64
		{7B89EC4C-944B-4E65-936C-C992E02DCC38}.Release|x86.ActiveCfg = Release|Win32
		{7B89EC4C-944B-4E65-936C-C992E02DCC38}.Release|x86.Build.0 = Release|Win32
		{CADA6536-3875-4F9C-A95E-0DF3303A0B8F}.Debug|x64.ActiveCfg = Debug|x64
		{CADA6536-3875-4F9C-A95E-0DF3303A0B8F}.Debug|x64.Build.0 = Debug|x64
		{CADA6536-3875-4F9C-A95E-0DF3303A0B8F}.Debug|x86.ActiveCfg = Debug|Win32
		{CADA6536-3875-4F9C-A95E-0DF3303A0B8F}.Debug|x86.Build.0 = Debug|Win32
		{CADA6536-3875-4F9C-A95E-0DF3303A0B8F}.Release|x64.ActiveCfg = Release|x64
		{CADA6536-3875-4F9C-A95E-0DF3303A0B8F}.Release|x64.Build.0 = Release|x64
		{CADA6536-3875-4F9C-A95E-0DF3303A0B8F}.Release|x86.ActiveCfg = Release|Win32
		{CADA6536-3875-4F9C-A95E-0DF3303A0B8F}.Release|x86.Build.0 = Release|Win32
		{C7276A3D-E7D1-4576-B75A-37EDB0B37BC2}.Debug|x64.ActiveCfg = Debug|x64
		{C7276A3D-E7D1-4576-B75A-37EDB0B37BC2}.Debug|x64.Build.0 = Debug|x64
		{C7276A3D-E7D1-4576-B75A-37EDB0B37BC2}.Debug|x86.ActiveCfg = Debug|Win32
		{C7276A3D-E7D1-4576-B75A-37EDB0B37BC2}.Debug|x86.Build.0 = Debug|Win32
		{C7276A3D-E7D1-4576-B75A-37EDB0B37BC2}.Release|x64.ActiveCfg = Release|x64
		{C7276A3D-E7D1-4576-B75A-37EDB0B37BC2}.Release|x64.Build.0 = Release|x64
		{C7276A3D-E7D1-4576-B75A-37EDB0B37BC2}.Release|x86.ActiveCfg = Release|Win32
		{C7276A3D-E7D1-4576-B75A-37EDB0B37BC2}.Release|x86.Build.0 = Release|Win32
		{7C262964-A373-4119-899D-E5112656125B}.Debug|x64.ActiveCfg = Debug|x64
		{7C262964-A373-4119-899D-E5112656125B}.Debug|x64.Build.0 = Debug|x64
		{7C262964-A373-4119-899D-E5112656125B}.Debug|x86.ActiveCfg = Debug|Win32
		{7C262964-A373-4119-899D-E5112656125B}.Debug|x86.Build.0 = Debug|Win32
		{7C262964-A373-4119-899D-E5112656125B}.Release|x64.ActiveCfg = Release|x64
		{7C262964-A373-4119-899D-E5112656125B}.Release|x64.Build.0 = Release|x64
		{7C262964-A373-4119-899D-E5112656125B}.Release|x86.ActiveCfg = Release|Win32
		{7C262964-A373-4119-899D-E5112656125B}.Release|x86.Build.0 = Release|Win32
		{EFF97FC0-EDFB-4472-8D22-C73D0239ED4B}.Debug|x64.ActiveCfg = Debug|x64
		{EFF97FC0-EDFB-4472-8D22-C73D0239ED4B}.Debug|x64.Build.0 = Debug|x64
		{EFF97FC0-EDFB-4472-8D22-C73D0239ED4B}.Debug|x86.ActiveCfg = Debug|Win32
		{EFF97FC0-EDFB-4472-8D22-C73D0239ED4B}.Debug|x86.Build.0 = Debug|Win32
		{EFF97FC0-EDFB-4472-8D22-C73D0239ED4B}.Release|x64.ActiveCfg = Release|x64
		{EFF97FC0-EDFB-4472-8D22-C73D0239ED4B}.Release|x64.Build.0 = Release|x64
		{EFF97FC0-EDFB-4472-8D22-C73D0239ED4B}.Release|x86.ActiveCfg = Release|Win32
		{EFF97FC0-EDFB-4472-8D22-C73D0239ED4B}.Release|x86.Build.0 = Release|Win32
		{E433A0B9-BAF3-434C-84E1-E299A896CF69}.Debug|x64.ActiveCfg = Debug|x64
		{E433A0B9-BAF3-434C-84E1-E299A896CF69}.Debug|x64.Build.0 = Debug|x64
		{E433A0B9-BAF3-434C-84E1-E299A896CF69}.Debug|x86.ActiveCfg = Debug|Win32
		{E433A0B9-BAF3-434C-84E1-E299A896CF69}.Debug|x86.Build.0 = Debug|Win32
		{E433A0B9-BAF3-434C-84E1-E299A896CF69}.Release|x64.ActiveCfg = Release|x64
		{E433A0B9-BAF3-434C-84E1-E299A896CF69}.Release|x64.Build.0 = Release|x64
		{E433A0B9-BAF3-434C-84E1-E299A896CF69}.Release|x86.ActiveCfg = Release|Win32
		{E433A0B9-BAF3-434C-84E1-E299A896CF69}.Release|x86.Build.0 = Release|Win32
		{C7AEFDD7-D0AF-4CB1-B44E-F6179364C559}.Debug|x64.ActiveCfg = Debug|x64
		{C7AEFDD7-D0AF-4CB1-B44E-F6179364C559}.Debug|x64.Build.0 = Debug|x64
		{C7AEFDD7-D0AF-4CB1-B44E-F6179364C559}.Debug|x86.ActiveCfg = Debug|Win32
		{C7AEFDD7-D0AF-4CB1-B44E-F6179364C559}.Debug|x86.Build.0 = Debug|Win32
		{C7AEFDD7-D0AF-4CB1-B44E-F6179364C559}.Release|x64.ActiveCfg = Release|x64
		{C7AEFDD7-D0AF-4CB1-B44E-F6179364C559}.Release|x64.Build.0 = Release|x64
		{C7AEFDD7-D0AF-4CB1-B44E-F6179364C559}.Release|x86.ActiveCfg = Release|Win32
		{C7AEFDD7-D0AF-4CB1-B44E-F6179364C559}.Release|x86.Build.0 = Release|Win32
		{122058FE-B1AD-4FDA-B404-BF8189AB9654}.Debug|x64.ActiveCfg = Debug|x64
		{122058FE-B1AD-4FDA-B404-BF8189AB9654}.Debug|x64.Build.0 = Debug|x64
		{122058FE-B1AD-4FDA-B404-BF8189AB9654}.Debug|x86.ActiveCfg = Debug|Win32
		{122058FE-B1AD-4FDA-B404-BF8189AB9654}.Debug|x86.Build.0 = Debug|Win32
		{122058FE-B1AD-4FDA-B404-BF8189AB9654}.Release|x64.ActiveCfg = Release|x64
		{122058FE-B1AD-4FDA-B404-BF8189AB9654}.Release|x64.Build.0 = Release|x64
		{122058FE-B1AD-4FDA-B404-BF8189AB9654}.Release|x86.ActiveCfg = Release|Win32
		{122058FE-B1AD-4FDA-B404-BF8189AB9654}.Release|x86.Build.0 = Release|Win32
		{CF984AEB-02C7-4A24-9056-3B758692E226}.Debug|x64.ActiveCfg = Debug|x64
		{CF984AEB-02C7-4A24-9056-3B758692E226}.Debug|x64.Build.0 = Debug|x64
		{CF984AEB-02C7-4A24-9056-3B758692E226}.Debug|x86.ActiveCfg = Debug|Win32
		{CF984AEB-02C7-4A24-9056-3B758692E226}.Debug|x86.Build.0 = Debug|Win32
		{CF984AEB-02C7-4A24-9056-3B758692E226}.Release|x64.ActiveCfg = Release|x64
		{CF984AEB-02C7-4A24-9056-3B758692E226}.Release|x64.Build.0 = Release|x64
		{CF984AEB-02C7-4A24-9056-3B758692E226}.Release|x86.ActiveCfg = Release|Win32
		{CF984AEB-02C7-4A24-9056-3B758692E226}.Release|x86.Build.0 = Release|Win32
		{458CB7D9-E9DC-4036-8453-0366EFC15445}.Debug|x64.ActiveCfg = Debug|x64
		{458CB7D9-E9DC-4036-8453-0366EFC15445}.Debug|x64.Build.0 = Debug|x64
		{458CB7D9-E9DC-4036-8453-0366EFC15445}.Debug|x86.ActiveCfg = Debug|Win32
		{458CB7D9-E9DC-4036-8453-0366EFC15445}.Debug|x86.Build.0 = Debug|Win32
		{458CB7D9-E9DC-4036-8453-0366EFC15445}.Release|x64.ActiveCfg = Release|x64
		{458CB7D9-E9DC-4036-8453-0366EFC15445}.Release|x64.Build.0 = Release|x64
		{458CB7D9-E9DC-4036-8453-0366EFC15445}.Release|x86.ActiveCfg = Release|Win32
		{458CB7D9-E9DC-4036-8453-0366EFC15445}.Release|x86.Build.0 = Release|Win32
		{F83AAA12-0BFD-4095-9586-4F986934C73B}.Debug|x64.ActiveCfg = Debug|x64
		{F83AAA12-0BFD-4095-9586-4F986934C73B}.Debug|x64.Build.0 = Debug|x64
		{F83AAA12-0BFD-4095-9586-4F986934C73B}.Debug|x86.ActiveCfg = Debug|Win32
		{F83AAA12-0BFD-4095-9586-4F986934C73B}.Debug|x86.Build.0 = Debug|Win32
		{F83AAA12-0BFD-4095-9586-4F986934C73B}.Release|x64.ActiveCfg = Release|x64
		{F83AAA12-0BFD-4095-9586-4F986934C73B}.Release|x64.Build.0 = Release|x64
		{F83AAA12-0BFD-4095-9586-4F986934C73B}.Release|x86.ActiveCfg = Release|Win32
		{F83AAA12-0BFD-4095-9586-4F986934C73B}.Release|x86.Build.0 = Release|Win32
		{62399F43-2CC4-4156-944C-AFFE0FF03A02}.Debug|x64.ActiveCfg = Debug|x64
		{62399F43-2CC4-4156-944C-AFFE0FF03A02}.Debug|x64.Build.0 = Debug|x64
		{62399F43-2CC4-4156-944C-AFFE0FF03A02}.Debug|x86.ActiveCfg = Debug|Win32
		{62399F43-2CC4-4156-944C-AFFE0FF03A02}.Debug|x86.Build.0 = Debug|Win32
		{62399F43-2CC4-4156-944C-AFFE0FF03A02}.Release|x64.ActiveCfg = Release|x64
		{62399F43-2CC4-4156-944C-AFFE0FF03A02}.Release|x64.Build.0 = Release|x64
		{62399F43-2CC4-4156-944C-AFFE0FF03A02}.Release|x86.ActiveCfg = Release|Win32
		{62399F43-2CC4-4156-944C-AFFE0FF03A02}.Release|x86.Build.0 = Release|Win32
		{EEAFF80E-77C8-41AA-95FC-BABEFE8A6AFE}.Debug|x64.ActiveCfg = Debug|x64
		{EEAFF80E-77C8-41AA-95FC-BABEFE8A6AFE}.Debug|x64.Build.0 = Debug|x64
		{EEAFF80E-77C8-41AA-95FC-BABEFE8A6AFE}.Debug|x86.ActiveCfg = Debug|Win32
		{EEAFF80E-77C8-41AA-95FC-BABEFE8A6AFE}.Debug|x86.Build.0 = Debug|Win32
		{EEAFF80E-77C8-41AA-95FC-BABEFE8A6AFE}.Release|x64.ActiveCfg = Release|x64
		{EEAFF80E-77C8-41AA-95FC-BABEFE8A6AFE}.Release|x64.Build.0 = Release|x64
		{EEAFF80E-77C8-41AA-95FC-BABEFE8A6AFE}.Release|x86.ActiveCfg = Release|Win32
		{EEAFF80E-77C8-41AA-95FC-BABEFE8A6AFE}.Release|x86.Build.0 = Release|Win32
		{D9F2C280-27A3-4EE9-8BBD-05AA05B8E48F}.Debug|x64.ActiveCfg = Debug|x64
		{D9F2C280-27A3-4EE9-8BBD-05AA05B8E48F}.Debug|x64.Build.0 = Debug|x64
		{D9F2C280-27A3-4EE9-8BBD-05AA05B8E48F}.Debug|x86.ActiveCfg = Debug|Win32
		{D9F2C280-27A3-4EE9-8BBD-05AA05B8E48F}.Debug|x86.Build.0 = Debug|Win32
		{D9F2C280-27A3-4EE9-8BBD-05AA05B8E48F}.Release|x64.ActiveCfg = Release|x64
		{D9F2C280-27A3-4EE9-8BBD-05AA05B8E48F}.Release|x64.Build.0 = Release|x64
		{D9F2C280-27A3-4EE9-8BBD-05AA05B8E48F}.Release|x86.ActiveCfg = Release|Win32
		{D9F2C280-27A3-4EE9-8BBD-05AA05B8E48F}.Release|x86.Build.0 = Release|Win32
		{A13EC1F9-FA87-4A9A-9E66-47D53E780EAE}.Debug|x64.ActiveCfg = Debug|x64
		{A13EC1F9-FA87-4A9A-9E66-47D53E780EAE}.Debug|x64.Build.0 = Debug|x64
		{A13EC1F9-FA87-4A9A-9E66-47D53E780EAE}.Debug|x86.ActiveCfg = Debug|Win32
		{A13EC1F9-FA87-4A9A-9E66-47D53E780EAE}.Debug|x86.Build.0 = Debug|Win32
		{A13EC1F9-FA87-4A9A-9E66-47D53E780EAE}.Release|x64.ActiveCfg = Release|x64
		{A13EC1F9-FA87-4A9A-9E66-47D53E780EAE}.Release|x64.Build.0 = Release|x64
		{A13EC1F9-FA87-4A9A-9E66-47D53E780EAE}.Release|x86.ActiveCfg = Release|Win32
		{A13EC1F9-FA87-4A9A-9E66-47D53E780EAE}.Release|x86.Build.0 = Release|Win32
		{1EA73866-601B-40A7-8A04-1332548ABD34}.Debug|x64.ActiveCfg = Debug|x64
		{1EA73866-601B-40A7-8A04-1332548ABD34}.Debug|x64.Build.0 = Debug|x64
		{1EA73866-601B-40A7-8A04-1332548ABD34}.Debug|x86.ActiveCfg = Debug|Win32
		{1EA73866-601B-40A7-8A04-1332548ABD34}.Debug|x86.Build.0 = Debug|Win32
		{1EA73866-601B-40A7-8A04-1332548ABD34}.Release|x64.ActiveCfg = Release|x64
		{1EA73866-601B-40A7-8A04-1332548ABD34}.Release|x64.Build.0 = Release|x64
		{1EA73866-601B-40A7-8A04-1332548ABD34}.Release|x86.ActiveCfg = Release|Win32
		{1EA73866-601B-40A7-8A04-1332548ABD34}.Release|x86.Build.0 = Release|Win32
		{9A1895FA-766C-48AE-8C8A-B3090C1FDA06}.Debug|x64.ActiveCfg = Debug|x64
		{9A1895FA-766C-48AE-8C8A-B3090C1FDA06}.Debug|x64.Build.0 = Debug|x64
		{9A1895FA-766C-48AE-8C8A-B3090C1FDA06}.Debug|x86.ActiveCfg = Debug|Win32
		{9A1895FA-766C-48AE-8C8A-B3090C1FDA06}.Debug|x86.Build.0 = Debug|Win32
		{9A1895FA-766C-48AE-8C8A-B3090C1FDA06}.Release|x64.ActiveCfg = Release|x64
		{9A1895FA-766C-48AE-8C8A-B3090C1FDA06}.Release|x64.Build.0 = Release|x64
		{9A1895FA-766C-48AE-8C8A-B3090C1FDA06}.Release|x86.ActiveCfg = Release|Win32
		{9A1895FA-766C-48AE-8C8A-B3090C1FDA06}.Release|x86.Build.0 = Release|Win32
		{7233779C-22F7-4E1A-B2B6-03E7BAC55DA1}.Debug|x64.ActiveCfg = Debug|x64
		{7233779C-22F7-4E1A-B2B6-03E7BAC55DA1}.Debug|x64.Build.0 = Debug|x64
		{7233779C-22F7-4E1A-B2B6-03E7BAC55DA1}.Debug|x86.ActiveCfg = Debug|Win32
		{7233779C-22F7-4E1A-B2B6-03E7BAC55DA1}.Debug|x86.Build.0 = Debug|Win32
		{7233779C-22F7-4E1A-B2B6-03E7BAC55DA1}.Release|x64.ActiveCfg = Release|x64
		{7233779C-22F7-4E1A-B2B6-03E7BAC55DA1}.Release|x64.Build.0 = Release|x64
		{7233779C-22F7-4E1A-B2B6-03E7BAC55DA1}.Release|x86.ActiveCfg = Release|Win32
		{7233779C-22F7-4E1A-B2B6-03E7BAC55DA1}.Release|x86.Build.0 = Release|Win32
		{C5D8449B-9ABD-4F95-97E8-D180369E41C6}.Debug|x64.ActiveCfg = Debug|x64
		{C5D8449B-9ABD-4F95-97E8-D180369E41C6}.Debug|x64.Build.0 = Debug|x64
		{C5D8449B-9ABD-4F95-97E8-D180369E41C6}.Debug|x86.ActiveCfg = Debug|Win32
		{C5D8449B-9ABD-4F95-97E8-D180369E41C6}.Debug|x86.Build.0 = Debug|Win32
		{C5D8449B-9ABD-4F95-97E8-D180369E41C6}.Release|x64.ActiveCfg = Release|x64
		{C5D8449B-9ABD-4F95-97E8-D180369E41C6}.Release|x64.Build.0 = Release|x64
		{C5D8449B-9ABD-4F95-97E8-D180369E41C6}.Release|x86.ActiveCfg = Release|Win32
		{C5D8449B-9ABD-4F95-97E8-D180369E41C6}.Release|x86.Build.0 = Release|Win32
		{7CFB9573-D11D-4AFE-B538-73ED2698344E}.Debug|x64.ActiveCfg = Debug|x64
		{7CFB9573-D11D-4AFE-B538-73ED2698344E}.Debug|x64.Build.0 = Debug|x64
		{7CFB9573-D11D-4AFE-B538-73ED2698344E}.Debug|x86.ActiveCfg = Debug|Win32
		{7CFB9573-D11D-4AFE-B538-73ED2698344E}.Debug|x86.Build.0 = Debug|Win32
		{7CFB9573-D11D-4AFE-B538-73ED2698344E}.Release|x64.ActiveCfg = Release|x64
		{7CFB9573-D11D-4AFE-B538-73ED2698344E}.Release|x64.Build.0 = Release|x64
		{7CFB9573-D11D-4AFE-B538-73ED2698344E}.Release|x86.ActiveCfg = Release|Win32
		{7CFB9573-D11D-4AFE-B538-73ED2698344E}.Release|x86.Build.0 = Release|Win32
		{3A0F1007-9812-46FD-BA3D-FD6D3A324CBC}.Debug|x64.ActiveCfg = Debug|x64
		{3A0F1007-9812-46FD-BA3D-FD6D3A324CBC}.Debug|x64.Build.0 = Debug|x64
		{3A0F1007-9812-46FD-BA3D-FD6D3A324CBC}.Debug|x86.ActiveCfg = Debug|Win32
		{3A0F1007-9812-46FD-BA3D-FD6D3A324CBC}.Debug|x86.Build.0 = Debug|Win32
		{3A0F1007-9812-46FD-BA3D-FD6D3A324CBC}.Release|x64.ActiveCfg = Release|x64
		{3A0F1007-9812-46FD-BA3D-FD6D3A324CBC}.Release|x64.Build.0 = Release|x64
		{3A0F1007-9812-46FD-BA3D-FD6D3A324CBC}.Release|x86.ActiveCfg = Release|Win32
		{3A0F1007-9812-46FD-BA3D-FD6D3A324CBC}.Release|x86.Build.0 = Release|Win32
		{D2A6A204-1927-425F-AAA8-CDE67FECD9B7}.Debug|x64.ActiveCfg = Debug|x64
		{D2A6A204-1927-425F-AAA8-CDE67FECD9B7}.Debug|x64.Build.0 = Debug|x64
		{D2A6A204-1927-425F-AAA8-CDE67FECD9B7}.Debug|x86.ActiveCfg = Debug|Win32
		{D2A6A204-1927-425F-AAA8-CDE67FECD9B7}.Debug|x86.Build.0 = Debug|Win32
		{D2A6A204-1927-425F-AAA8-CDE67FECD9B7}.Release|x64.ActiveCfg = Release|x64
		{D2A6A204-1927-425F-AAA8-CDE67FECD9B7}.Release|x64.Build.0 = Release|x64
		{D2A6A204-1927-425F-AAA8-CDE67FECD9B7}.Release|x86.ActiveCfg = Release|Win32
		{D2A6A204-1927-425F-AAA8-CDE67FECD9B7}.Release|x86.Build.0 = Release|Win32
		{140B206D-230D-461B-9C32-E7003EA284D0}.Debug|x64.ActiveCfg = Debug|x64
		{140B206D-230D-461B-9C32-E7003EA284D0}.Debug|x64.Build.0 = Debug|x64
		{140B206D-230D-461B-9C32-E7003EA284D0}.Debug|x86.ActiveCfg = Debug|Win32
		{140B206D-230D-461B-9C32-E7003EA284D0}.Debug|x86.Build.0 = Debug|Win32
		{140B206D-230D-461B-9C32-E7003EA284D0}.Release|x64.ActiveCfg = Release|x64
		{140B206D-230D-461B-9C32-E7003EA284D0}.Release|x64.Build.0 = Release|x64
		{140B206D-230D-461B-9C32-E7003EA284D0}.Release|x86.ActiveCfg = Release|Win32
		{140B206D-230D-461B-9C32-E7003EA284D0}.Release|x86.Build.0 = Release|Win32
		{92C9BAC3-8FF7-4430-A75A-37BA82140B87}.Debug|x64.ActiveCfg = Debug|x64
		{92C9BAC3-8FF7-4430-A75A-37BA82140B87}.Debug|x64.Build.0 = Debug|x64
		{92C9BAC3-8FF7-4430-A75A-37BA82140B87}.Debug|x86.ActiveCfg = Debug|Win32
		{92C9BAC3-8FF7-4430-A75A-37BA82140B87}.Debug|x86.Build.0 = Debug|Win32
		{92C9BAC3-8FF7-4430-A75A-37BA82140B87}.Release|x64.ActiveCfg = Release|x64
		{92C9BAC3-8FF7-4430-A75A-37BA82140B87}.Release|x64.Build.0 = Release|x64
		{92C9BAC3-8FF7-4430-A75A-37BA82140B87}.Release|x86.ActiveCfg = Release|Win32
		{92C9BAC3-8FF7-4430-A75A-37BA82140B87}.Release|x86.Build.0 = Release|Win32
		{08B3AED3-C4ED-43BD-A72C-0A611135032F}.Debug|x64.ActiveCfg = Debug|x64
		{08B3AED3-C4ED-43BD-A72C-0A611135032F}.Debug|x64.Build.0 = Debug|x64
		{08B3AED3-C4ED-43BD-A72C-0A611135032F}.Debug|x86.ActiveCfg = Debug|Win32
		{08B3AED3-C4ED-43BD-A72C-0A611135032F}.Debug|x86.Build.0 = Debug|Win32
		{08B3AED3-C4ED-43BD-A72C-0A611135032F}.Release|x64.ActiveCfg = Release|x64
		{08B3AED3-C4ED-43BD-A72C-0A611135032F}.Release|x64.Build.0 = Release|x64
		{08B3AED3-C4ED-43BD-A72C-0A611135032F}.Release|x86.ActiveCfg = Release|Win32
		{08B3AED3-C4ED-43BD-A72C-0A611135032F}.Release|x86.Build.0 = Release|Win32
		{A2D9B24B-7B2D-4796-AA31-2AE37AC1238D}.Debug|x64.ActiveCfg = Debug|x64
		{A2D9B24B-7B2D-4796-AA31-2AE37AC1238D}.Debug|x64.Build.0 = Debug|x64
		{A2D9B24B-7B2D-4796-AA31-2AE37AC1238D}.Debug|x86.ActiveCfg = Debug|Win32
		{A2D9B24B-7B2D-4796-AA31-2AE37AC1238D}.Debug|x86.Build.0 = Debug|Win32
		{A2D9B24B-7B2D-4796-AA31-2AE37AC1238D}.Release|x64.ActiveCfg = Release|x64
		{A2D9B24B-7B2D-4796-AA31-2AE37AC1238D}.Release|x64.Build.0 = Release|x64
		{A2D9B24B-7B2D-4796-AA31-2AE37AC1238D}.Release|x86.ActiveCfg = Release|Win32
		{A2D9B24B-7B2D-4796-AA31-2AE37AC1238D}.Release|x86.Build.0 = Release|Win32
		{1912AEDE-FB68-42CB-9D23-6DC94274655A}.Debug|x64.ActiveCfg = Debug|x64
		{1912AEDE-FB68-42CB-9D23-6DC94274655A}.Debug|x64.Build.0 = Debug|x64
		{1912AEDE-FB68-42CB-9D23-6DC94274655A}.Debug|x86.ActiveCfg = Debug|Win32
		{1912AEDE-FB68-42CB-9D23-6DC94274655A}.Debug|x86.Build.0 = Debug|Win32
		{1912AEDE-FB68-42CB-9D23-6DC94274655A}.Release|x64.ActiveCfg = Release|x64
		{1912AEDE-FB68-42CB-9D23-6DC94274655A}.Release|x64.Build.0 = Release|x64
		{1912AEDE-FB68-42CB-9D23-6DC94274655A}.Release|x86.ActiveCfg = Release|Win32
		{1912AEDE-FB68-42CB-9D23-6DC94274655A}.Release|x86.Build.0 = Release|Win32
		{C0859EF2-D8F5-4428-970E-CE9F78564291}.Debug|x64.ActiveCfg = Debug|x64
		{C0859EF2-D8F5-4428-970E-CE9F78564291}.Debug|x64.Build.0 = Debug|x64
		{C0859EF2-D8F5-4428-970E-CE9F78564291}.Debug|x86.ActiveCfg = Debug|Win32
		{C0859EF2-D8F5-4428-970E-CE9F78564291}.Debug|x86.Build.0 = Debug|Win32
		{C0859EF2-D8F5-4428-970E-CE9F78564291}.Release|x64.ActiveCfg = Release|x64
		{C0859EF2-D8F5-4428-970E-CE9F78564291}.Release|x64.Build.0 = Release|x64
		{C0859EF2-D8F5-4428-970E-CE9F78564291}.Release|x86.ActiveCfg = Release|Win32
		{C0859EF2-D8F5-4428-970E-CE9F78564291}.Release|x86.Build.0 = Release|Win32
		{11C2CEED-BAC2-4E60-87F1-E273079444C3}.Debug|x64.ActiveCfg = Debug|x64
		{11C2CEED-BAC2-4E60-87F1-E273079444C3}.Debug|x64.Build.0 = Debug|x64
		{11C2CEED-BAC2-4E60-87F1-E273079444C3}.Debug|x86.ActiveCfg = Debug|Win32
		{11C2CEED-BAC2-4E60-87F1-E273079444C3}.Debug|x86.Build.0 = Debug|Win32
		{11C2CEED-BAC2-4E60-87F1-E273079444C3}.Release|x64.ActiveCfg = Release|x64
		{11C2CEED-BAC2-4E60-87F1-E273079444C3}.Release|x64.Build.0 = Release|x64
		{11C2CEED-BAC2-4E60-87F1-E273079444C3}.Release|x86.ActiveCfg = Release|Win32
		{11C2CEED-BAC2-4E60-87F1-E273079444C3}.Release|x86.Build.0 = Release|Win32
		{81501BB5-4C83-4AAF-B977-D9F0280445CD}.Debug|x64.ActiveCfg = Debug|x64
		{81501BB5-4C83-4AAF-B977-D9F0280445CD}.Debug|x64.Build.0 = Debug|x64
		{81501BB5-4C83-4AAF-B977-D9F0280445CD}.Debug|x86.ActiveCfg = Debug|Win32
		{81501BB5-4C83-4AAF-B977-D9F0280445CD}.Debug|x86.Build.0 = Debug|Win32
		{81501BB5-4C83-4AAF-B977-D9F0280445CD}.Release|x64.ActiveCfg = Release|x64
		{81501BB5-4C83-4AAF-B977-D9F0280445CD}.Release|x64.Build.0 = Release|x64
		{81501BB5-4C83-4AAF-B977-D9F0280445CD}.Release|x86.ActiveCfg = Release|Win32
		{81501BB5-4C83-4AAF-B977-D9F0280445CD}.Release|x86.Build.0 = Release|Win32
	EndGlobalSection
	GlobalSection(SolutionProperties) = preSolution
		HideSolutionNode = FALSE
	EndGlobalSection
	GlobalSection(ExtensibilityGlobals) = postSolution
		SolutionGuid = {3BBDB7F6-AC45-4793-8207-911F5E9C5257}
	EndGlobalSection
EndGlobal
